
Microsoft Visual Studio Solution File, Format Version 12.00
# Visual Studio Version 16
VisualStudioVersion = 25.0.1706.0
MinimumVisualStudioVersion = 10.0.40219.1
Project("{FAE04EC0-301F-11D3-BF4B-00C04F79EFBC}") = "Dynamic Authorization", "Dynamic Authorization.csproj", "{47D4F446-C832-4748-82D1-3B7AE88D744F}"
EndProject
Global
	GlobalSection(SolutionConfigurationPlatforms) = preSolution
		Debug|Any CPU = Debug|Any CPU
		Release|Any CPU = Release|Any CPU
	EndGlobalSection
	GlobalSection(ProjectConfigurationPlatforms) = postSolution
		{47D4F446-C832-4748-82D1-3B7AE88D744F}.Debug|Any CPU.ActiveCfg = Debug|Any CPU
		{47D4F446-C832-4748-82D1-3B7AE88D744F}.Debug|Any CPU.Build.0 = Debug|Any CPU
		{47D4F446-C832-4748-82D1-3B7AE88D744F}.Release|Any CPU.ActiveCfg = Release|Any CPU
		{47D4F446-C832-4748-82D1-3B7AE88D744F}.Release|Any CPU.Build.0 = Release|Any CPU
	EndGlobalSection
	GlobalSection(SolutionProperties) = preSolution
		HideSolutionNode = FALSE
	EndGlobalSection
	GlobalSection(ExtensibilityGlobals) = postSolution
		SolutionGuid = {68A48141-7F0A-49B9-9A5C-E9EF3D2AAC9F}
	EndGlobalSection
EndGlobal
